
Microsoft Visual Studio Solution File, Format Version 11.00
# Visual Studio 2010
Project("{FAE04EC0-301F-11D3-BF4B-00C04F79EFBC}") = "Assembly-CSharp", "Assembly-CSharp.csproj", "{FE928640-EA5B-D046-CE89-B1B23179CA05}"
EndProject
Project("{FAE04EC0-301F-11D3-BF4B-00C04F79EFBC}") = "Assembly-CSharp-firstpass", "Assembly-CSharp-firstpass.csproj", "{3A125995-B2B5-1003-D7C4-6E1E5EF60BC7}"
EndProject
Project("{FAE04EC0-301F-11D3-BF4B-00C04F79EFBC}") = "Assembly-CSharp-Editor", "Assembly-CSharp-Editor.csproj", "{CF2561CE-9DCE-6414-1630-FA26FA88FB6E}"
EndProject
Global
	GlobalSection(SolutionConfigurationPlatforms) = preSolution
		Debug|Any CPU = Debug|Any CPU
		Release|Any CPU = Release|Any CPU
	EndGlobalSection
	GlobalSection(ProjectConfigurationPlatforms) = postSolution
		{FE928640-EA5B-D046-CE89-B1B23179CA05}.Debug|Any CPU.ActiveCfg = Debug|Any CPU
		{FE928640-EA5B-D046-CE89-B1B23179CA05}.Debug|Any CPU.Build.0 = Debug|Any CPU
		{FE928640-EA5B-D046-CE89-B1B23179CA05}.Release|Any CPU.ActiveCfg = Release|Any CPU
		{FE928640-EA5B-D046-CE89-B1B23179CA05}.Release|Any CPU.Build.0 = Release|Any CPU
		{3A125995-B2B5-1003-D7C4-6E1E5EF60BC7}.Debug|Any CPU.ActiveCfg = Debug|Any CPU
		{3A125995-B2B5-1003-D7C4-6E1E5EF60BC7}.Debug|Any CPU.Build.0 = Debug|Any CPU
		{3A125995-B2B5-1003-D7C4-6E1E5EF60BC7}.Release|Any CPU.ActiveCfg = Release|Any CPU
		{3A125995-B2B5-1003-D7C4-6E1E5EF60BC7}.Release|Any CPU.Build.0 = Release|Any CPU
		{CF2561CE-9DCE-6414-1630-FA26FA88FB6E}.Debug|Any CPU.ActiveCfg = Debug|Any CPU
		{CF2561CE-9DCE-6414-1630-FA26FA88FB6E}.Debug|Any CPU.Build.0 = Debug|Any CPU
		{CF2561CE-9DCE-6414-1630-FA26FA88FB6E}.Release|Any CPU.ActiveCfg = Release|Any CPU
		{CF2561CE-9DCE-6414-1630-FA26FA88FB6E}.Release|Any CPU.Build.0 = Release|Any CPU
	EndGlobalSection
	GlobalSection(SolutionProperties) = preSolution
		HideSolutionNode = FALSE
	EndGlobalSection
	GlobalSection(MonoDevelopProperties) = preSolution
		StartupItem = Assembly-CSharp.csproj
	EndGlobalSection
EndGlobal
